// !$*UTF8*$!
{
	archiveVersion = 1;
	classes = {
	};
	objectVersion = 55;
	objects = {

/* Begin PBXBuildFile section */
		7942FBDB29492FF100D67FC2 /* AppDelegate.swift in Sources */ = {isa = PBXBuildFile; fileRef = 7942FBDA29492FF100D67FC2 /* AppDelegate.swift */; };
		7942FBDD29492FF100D67FC2 /* SceneDelegate.swift in Sources */ = {isa = PBXBuildFile; fileRef = 7942FBDC29492FF100D67FC2 /* SceneDelegate.swift */; };
		7942FBE229492FF100D67FC2 /* Main.storyboard in Resources */ = {isa = PBXBuildFile; fileRef = 7942FBE029492FF100D67FC2 /* Main.storyboard */; };
		7942FBE429492FF100D67FC2 /* Assets.xcassets in Resources */ = {isa = PBXBuildFile; fileRef = 7942FBE329492FF100D67FC2 /* Assets.xcassets */; };
		7942FBE729492FF100D67FC2 /* LaunchScreen.storyboard in Resources */ = {isa = PBXBuildFile; fileRef = 7942FBE529492FF100D67FC2 /* LaunchScreen.storyboard */; };
		7942FBEF2949315B00D67FC2 /* LoginViewController.swift in Sources */ = {isa = PBXBuildFile; fileRef = 7942FBEE2949315B00D67FC2 /* LoginViewController.swift */; };
		7942FBF1294931A300D67FC2 /* HomeViewController.swift in Sources */ = {isa = PBXBuildFile; fileRef = 7942FBF0294931A300D67FC2 /* HomeViewController.swift */; };
		7942FBF3294931C500D67FC2 /* ImageSelectViewController.swift in Sources */ = {isa = PBXBuildFile; fileRef = 7942FBF2294931C500D67FC2 /* ImageSelectViewController.swift */; };
		7942FBF5294931D700D67FC2 /* PostViewController.swift in Sources */ = {isa = PBXBuildFile; fileRef = 7942FBF4294931D700D67FC2 /* PostViewController.swift */; };
		7942FBF7294931EE00D67FC2 /* SettingViewController.swift in Sources */ = {isa = PBXBuildFile; fileRef = 7942FBF6294931EE00D67FC2 /* SettingViewController.swift */; };
		7942FBF9294A7EC200D67FC2 /* TabBarController.swift in Sources */ = {isa = PBXBuildFile; fileRef = 7942FBF8294A7EC200D67FC2 /* TabBarController.swift */; };
		7942FBFB294B1FE700D67FC2 /* GoogleService-Info.plist in Resources */ = {isa = PBXBuildFile; fileRef = 7942FBFA294B1FE700D67FC2 /* GoogleService-Info.plist */; };
		7965E892294EF6FE007237B4 /* Const.swift in Sources */ = {isa = PBXBuildFile; fileRef = 7965E891294EF6FE007237B4 /* Const.swift */; };
		7965E894294F1E80007237B4 /* PostData.swift in Sources */ = {isa = PBXBuildFile; fileRef = 7965E893294F1E80007237B4 /* PostData.swift */; };
		7965E89B294F3365007237B4 /* PostTableViewCell.swift in Sources */ = {isa = PBXBuildFile; fileRef = 7965E899294F3365007237B4 /* PostTableViewCell.swift */; };
		7965E89C294F3365007237B4 /* PostTableViewCell.xib in Resources */ = {isa = PBXBuildFile; fileRef = 7965E89A294F3365007237B4 /* PostTableViewCell.xib */; };
		8FABED5E7B39C085EE0D78E2 /* Pods_Instagram.framework in Frameworks */ = {isa = PBXBuildFile; fileRef = 459860375283498C0875459C /* Pods_Instagram.framework */; };
/* End PBXBuildFile section */

/* Begin PBXFileReference section */
		459860375283498C0875459C /* Pods_Instagram.framework */ = {isa = PBXFileReference; explicitFileType = wrapper.framework; includeInIndex = 0; path = Pods_Instagram.framework; sourceTree = BUILT_PRODUCTS_DIR; };
		711AF03299D0FAC92FC5E945 /* Pods-Instagram.debug.xcconfig */ = {isa = PBXFileReference; includeInIndex = 1; lastKnownFileType = text.xcconfig; name = "Pods-Instagram.debug.xcconfig"; path = "Target Support Files/Pods-Instagram/Pods-Instagram.debug.xcconfig"; sourceTree = "<group>"; };
		747B1C798568783E798E00AB /* Pods-Instagram.release.xcconfig */ = {isa = PBXFileReference; includeInIndex = 1; lastKnownFileType = text.xcconfig; name = "Pods-Instagram.release.xcconfig"; path = "Target Support Files/Pods-Instagram/Pods-Instagram.release.xcconfig"; sourceTree = "<group>"; };
		7942FBD729492FF100D67FC2 /* Instagram.app */ = {isa = PBXFileReference; explicitFileType = wrapper.application; includeInIndex = 0; path = Instagram.app; sourceTree = BUILT_PRODUCTS_DIR; };
		7942FBDA29492FF100D67FC2 /* AppDelegate.swift */ = {isa = PBXFileReference; lastKnownFileType = sourcecode.swift; path = AppDelegate.swift; sourceTree = "<group>"; };
		7942FBDC29492FF100D67FC2 /* SceneDelegate.swift */ = {isa = PBXFileReference; lastKnownFileType = sourcecode.swift; path = SceneDelegate.swift; sourceTree = "<group>"; };
		7942FBE129492FF100D67FC2 /* Base */ = {isa = PBXFileReference; lastKnownFileType = file.storyboard; name = Base; path = Base.lproj/Main.storyboard; sourceTree = "<group>"; };
		7942FBE329492FF100D67FC2 /* Assets.xcassets */ = {isa = PBXFileReference; lastKnownFileType = folder.assetcatalog; path = Assets.xcassets; sourceTree = "<group>"; };
		7942FBE629492FF100D67FC2 /* Base */ = {isa = PBXFileReference; lastKnownFileType = file.storyboard; name = Base; path = Base.lproj/LaunchScreen.storyboard; sourceTree = "<group>"; };
		7942FBE829492FF100D67FC2 /* Info.plist */ = {isa = PBXFileReference; lastKnownFileType = text.plist.xml; path = Info.plist; sourceTree = "<group>"; };
		7942FBEE2949315B00D67FC2 /* LoginViewController.swift */ = {isa = PBXFileReference; lastKnownFileType = sourcecode.swift; path = LoginViewController.swift; sourceTree = "<group>"; };
		7942FBF0294931A300D67FC2 /* HomeViewController.swift */ = {isa = PBXFileReference; lastKnownFileType = sourcecode.swift; path = HomeViewController.swift; sourceTree = "<group>"; };
		7942FBF2294931C500D67FC2 /* ImageSelectViewController.swift */ = {isa = PBXFileReference; lastKnownFileType = sourcecode.swift; path = ImageSelectViewController.swift; sourceTree = "<group>"; };
		7942FBF4294931D700D67FC2 /* PostViewController.swift */ = {isa = PBXFileReference; lastKnownFileType = sourcecode.swift; path = PostViewController.swift; sourceTree = "<group>"; };
		7942FBF6294931EE00D67FC2 /* SettingViewController.swift */ = {isa = PBXFileReference; lastKnownFileType = sourcecode.swift; path = SettingViewController.swift; sourceTree = "<group>"; };
		7942FBF8294A7EC200D67FC2 /* TabBarController.swift */ = {isa = PBXFileReference; lastKnownFileType = sourcecode.swift; path = TabBarController.swift; sourceTree = "<group>"; };
		7942FBFA294B1FE700D67FC2 /* GoogleService-Info.plist */ = {isa = PBXFileReference; fileEncoding = 4; lastKnownFileType = text.plist.xml; path = "GoogleService-Info.plist"; sourceTree = "<group>"; };
		7965E891294EF6FE007237B4 /* Const.swift */ = {isa = PBXFileReference; lastKnownFileType = sourcecode.swift; path = Const.swift; sourceTree = "<group>"; };
		7965E893294F1E80007237B4 /* PostData.swift */ = {isa = PBXFileReference; lastKnownFileType = sourcecode.swift; path = PostData.swift; sourceTree = "<group>"; };
		7965E899294F3365007237B4 /* PostTableViewCell.swift */ = {isa = PBXFileReference; lastKnownFileType = sourcecode.swift; path = PostTableViewCell.swift; sourceTree = "<group>"; };
		7965E89A294F3365007237B4 /* PostTableViewCell.xib */ = {isa = PBXFileReference; lastKnownFileType = file.xib; path = PostTableViewCell.xib; sourceTree = "<group>"; };
/* End PBXFileReference section */

/* Begin PBXFrameworksBuildPhase section */
		7942FBD429492FF100D67FC2 /* Frameworks */ = {
			isa = PBXFrameworksBuildPhase;
			buildActionMask = 2147483647;
			files = (
				8FABED5E7B39C085EE0D78E2 /* Pods_Instagram.framework in Frameworks */,
			);
			runOnlyForDeploymentPostprocessing = 0;
		};
/* End PBXFrameworksBuildPhase section */

/* Begin PBXGroup section */
		7942FBCE29492FF100D67FC2 = {
			isa = PBXGroup;
			children = (
				7942FBD929492FF100D67FC2 /* Instagram */,
				7942FBD829492FF100D67FC2 /* Products */,
				97C34AE6238145014D02A1A3 /* Pods */,
				C5E6503D076900A07B394B75 /* Frameworks */,
			);
			sourceTree = "<group>";
		};
		7942FBD829492FF100D67FC2 /* Products */ = {
			isa = PBXGroup;
			children = (
				7942FBD729492FF100D67FC2 /* Instagram.app */,
			);
			name = Products;
			sourceTree = "<group>";
		};
		7942FBD929492FF100D67FC2 /* Instagram */ = {
			isa = PBXGroup;
			children = (
				7942FBDA29492FF100D67FC2 /* AppDelegate.swift */,
				7942FBDC29492FF100D67FC2 /* SceneDelegate.swift */,
				7942FBEE2949315B00D67FC2 /* LoginViewController.swift */,
				7942FBF0294931A300D67FC2 /* HomeViewController.swift */,
				7942FBF2294931C500D67FC2 /* ImageSelectViewController.swift */,
				7942FBF4294931D700D67FC2 /* PostViewController.swift */,
				7942FBF6294931EE00D67FC2 /* SettingViewController.swift */,
				7942FBF8294A7EC200D67FC2 /* TabBarController.swift */,
				7965E891294EF6FE007237B4 /* Const.swift */,
				7965E893294F1E80007237B4 /* PostData.swift */,
				7965E899294F3365007237B4 /* PostTableViewCell.swift */,
				7965E89A294F3365007237B4 /* PostTableViewCell.xib */,
				7942FBE029492FF100D67FC2 /* Main.storyboard */,
				7942FBE329492FF100D67FC2 /* Assets.xcassets */,
				7942FBE529492FF100D67FC2 /* LaunchScreen.storyboard */,
				7942FBE829492FF100D67FC2 /* Info.plist */,
				7942FBFA294B1FE700D67FC2 /* GoogleService-Info.plist */,
			);
			path = Instagram;
			sourceTree = "<group>";
		};
		97C34AE6238145014D02A1A3 /* Pods */ = {
			isa = PBXGroup;
			children = (
				711AF03299D0FAC92FC5E945 /* Pods-Instagram.debug.xcconfig */,
				747B1C798568783E798E00AB /* Pods-Instagram.release.xcconfig */,
			);
			path = Pods;
			sourceTree = "<group>";
		};
		C5E6503D076900A07B394B75 /* Frameworks */ = {
			isa = PBXGroup;
			children = (
				459860375283498C0875459C /* Pods_Instagram.framework */,
			);
			name = Frameworks;
			sourceTree = "<group>";
		};
/* End PBXGroup section */

/* Begin PBXNativeTarget section */
		7942FBD629492FF100D67FC2 /* Instagram */ = {
			isa = PBXNativeTarget;
			buildConfigurationList = 7942FBEB29492FF100D67FC2 /* Build configuration list for PBXNativeTarget "Instagram" */;
			buildPhases = (
				32E803CCF6F4379D136C6D69 /* [CP] Check Pods Manifest.lock */,
				7942FBD329492FF100D67FC2 /* Sources */,
				7942FBD429492FF100D67FC2 /* Frameworks */,
				7942FBD529492FF100D67FC2 /* Resources */,
				0FF6F041B7CE3121B2AAF256 /* [CP] Embed Pods Frameworks */,
			);
			buildRules = (
			);
			dependencies = (
			);
			name = Instagram;
			productName = Instagram;
			productReference = 7942FBD729492FF100D67FC2 /* Instagram.app */;
			productType = "com.apple.product-type.application";
		};
/* End PBXNativeTarget section */

/* Begin PBXProject section */
		7942FBCF29492FF100D67FC2 /* Project object */ = {
			isa = PBXProject;
			attributes = {
				BuildIndependentTargetsInParallel = 1;
				LastSwiftUpdateCheck = 1310;
				LastUpgradeCheck = 1310;
				TargetAttributes = {
					7942FBD629492FF100D67FC2 = {
						CreatedOnToolsVersion = 13.1;
					};
				};
			};
			buildConfigurationList = 7942FBD229492FF100D67FC2 /* Build configuration list for PBXProject "Instagram" */;
			compatibilityVersion = "Xcode 13.0";
			developmentRegion = en;
			hasScannedForEncodings = 0;
			knownRegions = (
				en,
				Base,
			);
			mainGroup = 7942FBCE29492FF100D67FC2;
			productRefGroup = 7942FBD829492FF100D67FC2 /* Products */;
			projectDirPath = "";
			projectRoot = "";
			targets = (
				7942FBD629492FF100D67FC2 /* Instagram */,
			);
		};
/* End PBXProject section */

/* Begin PBXResourcesBuildPhase section */
		7942FBD529492FF100D67FC2 /* Resources */ = {
			isa = PBXResourcesBuildPhase;
			buildActionMask = 2147483647;
			files = (
				7942FBE729492FF100D67FC2 /* LaunchScreen.storyboard in Resources */,
				7965E89C294F3365007237B4 /* PostTableViewCell.xib in Resources */,
				7942FBFB294B1FE700D67FC2 /* GoogleService-Info.plist in Resources */,
				7942FBE429492FF100D67FC2 /* Assets.xcassets in Resources */,
				7942FBE229492FF100D67FC2 /* Main.storyboard in Resources */,
			);
			runOnlyForDeploymentPostprocessing = 0;
		};
/* End PBXResourcesBuildPhase section */

/* Begin PBXShellScriptBuildPhase section */
		0FF6F041B7CE3121B2AAF256 /* [CP] Embed Pods Frameworks */ = {
			isa = PBXShellScriptBuildPhase;
			buildActionMask = 2147483647;
			files = (
			);
			inputFileListPaths = (
				"${PODS_ROOT}/Target Support Files/Pods-Instagram/Pods-Instagram-frameworks-${CONFIGURATION}-input-files.xcfilelist",
			);
			name = "[CP] Embed Pods Frameworks";
			outputFileListPaths = (
				"${PODS_ROOT}/Target Support Files/Pods-Instagram/Pods-Instagram-frameworks-${CONFIGURATION}-output-files.xcfilelist",
			);
			runOnlyForDeploymentPostprocessing = 0;
			shellPath = /bin/sh;
			shellScript = "\"${PODS_ROOT}/Target Support Files/Pods-Instagram/Pods-Instagram-frameworks.sh\"\n";
			showEnvVarsInLog = 0;
		};
		32E803CCF6F4379D136C6D69 /* [CP] Check Pods Manifest.lock */ = {
			isa = PBXShellScriptBuildPhase;
			buildActionMask = 2147483647;
			files = (
			);
			inputFileListPaths = (
			);
			inputPaths = (
				"${PODS_PODFILE_DIR_PATH}/Podfile.lock",
				"${PODS_ROOT}/Manifest.lock",
			);
			name = "[CP] Check Pods Manifest.lock";
			outputFileListPaths = (
			);
			outputPaths = (
				"$(DERIVED_FILE_DIR)/Pods-Instagram-checkManifestLockResult.txt",
			);
			runOnlyForDeploymentPostprocessing = 0;
			shellPath = /bin/sh;
			shellScript = "diff \"${PODS_PODFILE_DIR_PATH}/Podfile.lock\" \"${PODS_ROOT}/Manifest.lock\" > /dev/null\nif [ $? != 0 ] ; then\n    # print error to STDERR\n    echo \"error: The sandbox is not in sync with the Podfile.lock. Run 'pod install' or update your CocoaPods installation.\" >&2\n    exit 1\nfi\n# This output is used by Xcode 'outputs' to avoid re-running this script phase.\necho \"SUCCESS\" > \"${SCRIPT_OUTPUT_FILE_0}\"\n";
			showEnvVarsInLog = 0;
		};
/* End PBXShellScriptBuildPhase section */

/* Begin PBXSourcesBuildPhase section */
		7942FBD329492FF100D67FC2 /* Sources */ = {
			isa = PBXSourcesBuildPhase;
			buildActionMask = 2147483647;
			files = (
				7965E89B294F3365007237B4 /* PostTableViewCell.swift in Sources */,
				7942FBF3294931C500D67FC2 /* ImageSelectViewController.swift in Sources */,
				7942FBF9294A7EC200D67FC2 /* TabBarController.swift in Sources */,
				7942FBF1294931A300D67FC2 /* HomeViewController.swift in Sources */,
				7942FBF5294931D700D67FC2 /* PostViewController.swift in Sources */,
				7942FBF7294931EE00D67FC2 /* SettingViewController.swift in Sources */,
				7965E894294F1E80007237B4 /* PostData.swift in Sources */,
				7942FBEF2949315B00D67FC2 /* LoginViewController.swift in Sources */,
				7942FBDB29492FF100D67FC2 /* AppDelegate.swift in Sources */,
				7942FBDD29492FF100D67FC2 /* SceneDelegate.swift in Sources */,
				7965E892294EF6FE007237B4 /* Const.swift in Sources */,
			);
			runOnlyForDeploymentPostprocessing = 0;
		};
/* End PBXSourcesBuildPhase section */

/* Begin PBXVariantGroup section */
		7942FBE029492FF100D67FC2 /* Main.storyboard */ = {
			isa = PBXVariantGroup;
			children = (
				7942FBE129492FF100D67FC2 /* Base */,
			);
			name = Main.storyboard;
			sourceTree = "<group>";
		};
		7942FBE529492FF100D67FC2 /* LaunchScreen.storyboard */ = {
			isa = PBXVariantGroup;
			children = (
				7942FBE629492FF100D67FC2 /* Base */,
			);
			name = LaunchScreen.storyboard;
			sourceTree = "<group>";
		};
/* End PBXVariantGroup section */

/* Begin XCBuildConfiguration section */
		7942FBE929492FF100D67FC2 /* Debug */ = {
			isa = XCBuildConfiguration;
			buildSettings = {
				ALWAYS_SEARCH_USER_PATHS = NO;
				CLANG_ANALYZER_NONNULL = YES;
				CLANG_ANALYZER_NUMBER_OBJECT_CONVERSION = YES_AGGRESSIVE;
				CLANG_CXX_LANGUAGE_STANDARD = "gnu++17";
				CLANG_CXX_LIBRARY = "libc++";
				CLANG_ENABLE_MODULES = YES;
				CLANG_ENABLE_OBJC_ARC = YES;
				CLANG_ENABLE_OBJC_WEAK = YES;
				CLANG_WARN_BLOCK_CAPTURE_AUTORELEASING = YES;
				CLANG_WARN_BOOL_CONVERSION = YES;
				CLANG_WARN_COMMA = YES;
				CLANG_WARN_CONSTANT_CONVERSION = YES;
				CLANG_WARN_DEPRECATED_OBJC_IMPLEMENTATIONS = YES;
				CLANG_WARN_DIRECT_OBJC_ISA_USAGE = YES_ERROR;
				CLANG_WARN_DOCUMENTATION_COMMENTS = YES;
				CLANG_WARN_EMPTY_BODY = YES;
				CLANG_WARN_ENUM_CONVERSION = YES;
				CLANG_WARN_INFINITE_RECURSION = YES;
				CLANG_WARN_INT_CONVERSION = YES;
				CLANG_WARN_NON_LITERAL_NULL_CONVERSION = YES;
				CLANG_WARN_OBJC_IMPLICIT_RETAIN_SELF = YES;
				CLANG_WARN_OBJC_LITERAL_CONVERSION = YES;
				CLANG_WARN_OBJC_ROOT_CLASS = YES_ERROR;
				CLANG_WARN_QUOTED_INCLUDE_IN_FRAMEWORK_HEADER = YES;
				CLANG_WARN_RANGE_LOOP_ANALYSIS = YES;
				CLANG_WARN_STRICT_PROTOTYPES = YES;
				CLANG_WARN_SUSPICIOUS_MOVE = YES;
				CLANG_WARN_UNGUARDED_AVAILABILITY = YES_AGGRESSIVE;
				CLANG_WARN_UNREACHABLE_CODE = YES;
				CLANG_WARN__DUPLICATE_METHOD_MATCH = YES;
				COPY_PHASE_STRIP = NO;
				DEBUG_INFORMATION_FORMAT = dwarf;
				ENABLE_STRICT_OBJC_MSGSEND = YES;
				ENABLE_TESTABILITY = YES;
				GCC_C_LANGUAGE_STANDARD = gnu11;
				GCC_DYNAMIC_NO_PIC = NO;
				GCC_NO_COMMON_BLOCKS = YES;
				GCC_OPTIMIZATION_LEVEL = 0;
				GCC_PREPROCESSOR_DEFINITIONS = (
					"DEBUG=1",
					"$(inherited)",
				);
				GCC_WARN_64_TO_32_BIT_CONVERSION = YES;
				GCC_WARN_ABOUT_RETURN_TYPE = YES_ERROR;
				GCC_WARN_UNDECLARED_SELECTOR = YES;
				GCC_WARN_UNINITIALIZED_AUTOS = YES_AGGRESSIVE;
				GCC_WARN_UNUSED_FUNCTION = YES;
				GCC_WARN_UNUSED_VARIABLE = YES;
				IPHONEOS_DEPLOYMENT_TARGET = 15.0;
				MTL_ENABLE_DEBUG_INFO = INCLUDE_SOURCE;
				MTL_FAST_MATH = YES;
				ONLY_ACTIVE_ARCH = YES;
				SDKROOT = iphoneos;
				SWIFT_ACTIVE_COMPILATION_CONDITIONS = DEBUG;
				SWIFT_OPTIMIZATION_LEVEL = "-Onone";
			};
			name = Debug;
		};
		7942FBEA29492FF100D67FC2 /* Release */ = {
			isa = XCBuildConfiguration;
			buildSettings = {
				ALWAYS_SEARCH_USER_PATHS = NO;
				CLANG_ANALYZER_NONNULL = YES;
				CLANG_ANALYZER_NUMBER_OBJECT_CONVERSION = YES_AGGRESSIVE;
				CLANG_CXX_LANGUAGE_STANDARD = "gnu++17";
				CLANG_CXX_LIBRARY = "libc++";
				CLANG_ENABLE_MODULES = YES;
				CLANG_ENABLE_OBJC_ARC = YES;
				CLANG_ENABLE_OBJC_WEAK = YES;
				CLANG_WARN_BLOCK_CAPTURE_AUTORELEASING = YES;
				CLANG_WARN_BOOL_CONVERSION = YES;
				CLANG_WARN_COMMA = YES;
				CLANG_WARN_CONSTANT_CONVERSION = YES;
				CLANG_WARN_DEPRECATED_OBJC_IMPLEMENTATIONS = YES;
				CLANG_WARN_DIRECT_OBJC_ISA_USAGE = YES_ERROR;
				CLANG_WARN_DOCUMENTATION_COMMENTS = YES;
				CLANG_WARN_EMPTY_BODY = YES;
				CLANG_WARN_ENUM_CONVERSION = YES;
				CLANG_WARN_INFINITE_RECURSION = YES;
				CLANG_WARN_INT_CONVERSION = YES;
				CLANG_WARN_NON_LITERAL_NULL_CONVERSION = YES;
				CLANG_WARN_OBJC_IMPLICIT_RETAIN_SELF = YES;
				CLANG_WARN_OBJC_LITERAL_CONVERSION = YES;
				CLANG_WARN_OBJC_ROOT_CLASS = YES_ERROR;
				CLANG_WARN_QUOTED_INCLUDE_IN_FRAMEWORK_HEADER = YES;
				CLANG_WARN_RANGE_LOOP_ANALYSIS = YES;
				CLANG_WARN_STRICT_PROTOTYPES = YES;
				CLANG_WARN_SUSPICIOUS_MOVE = YES;
				CLANG_WARN_UNGUARDED_AVAILABILITY = YES_AGGRESSIVE;
				CLANG_WARN_UNREACHABLE_CODE = YES;
				CLANG_WARN__DUPLICATE_METHOD_MATCH = YES;
				COPY_PHASE_STRIP = NO;
				DEBUG_INFORMATION_FORMAT = "dwarf-with-dsym";
				ENABLE_NS_ASSERTIONS = NO;
				ENABLE_STRICT_OBJC_MSGSEND = YES;
				GCC_C_LANGUAGE_STANDARD = gnu11;
				GCC_NO_COMMON_BLOCKS = YES;
				GCC_WARN_64_TO_32_BIT_CONVERSION = YES;
				GCC_WARN_ABOUT_RETURN_TYPE = YES_ERROR;
				GCC_WARN_UNDECLARED_SELECTOR = YES;
				GCC_WARN_UNINITIALIZED_AUTOS = YES_AGGRESSIVE;
				GCC_WARN_UNUSED_FUNCTION = YES;
				GCC_WARN_UNUSED_VARIABLE = YES;
				IPHONEOS_DEPLOYMENT_TARGET = 15.0;
				MTL_ENABLE_DEBUG_INFO = NO;
				MTL_FAST_MATH = YES;
				SDKROOT = iphoneos;
				SWIFT_COMPILATION_MODE = wholemodule;
				SWIFT_OPTIMIZATION_LEVEL = "-O";
				VALIDATE_PRODUCT = YES;
			};
			name = Release;
		};
		7942FBEC29492FF100D67FC2 /* Debug */ = {
			isa = XCBuildConfiguration;
			baseConfigurationReference = 711AF03299D0FAC92FC5E945 /* Pods-Instagram.debug.xcconfig */;
			buildSettings = {
				ASSETCATALOG_COMPILER_APPICON_NAME = AppIcon;
				ASSETCATALOG_COMPILER_GLOBAL_ACCENT_COLOR_NAME = AccentColor;
				CODE_SIGN_STYLE = Automatic;
				CURRENT_PROJECT_VERSION = 1;
				DEVELOPMENT_TEAM = WM7X8J8QCS;
				GENERATE_INFOPLIST_FILE = YES;
				INFOPLIST_FILE = Instagram/Info.plist;
				INFOPLIST_KEY_NSCameraUsageDescription = "本アプリは、画像の投稿及び編集のため、カメラの使用許可を求めます。";
				INFOPLIST_KEY_UIApplicationSupportsIndirectInputEvents = YES;
				INFOPLIST_KEY_UILaunchStoryboardName = LaunchScreen;
				INFOPLIST_KEY_UIMainStoryboardFile = Main;
				INFOPLIST_KEY_UISupportedInterfaceOrientations_iPad = "UIInterfaceOrientationPortrait UIInterfaceOrientationPortraitUpsideDown UIInterfaceOrientationLandscapeLeft UIInterfaceOrientationLandscapeRight";
				INFOPLIST_KEY_UISupportedInterfaceOrientations_iPhone = UIInterfaceOrientationPortrait;
				LD_RUNPATH_SEARCH_PATHS = (
					"$(inherited)",
					"@executable_path/Frameworks",
				);
				MARKETING_VERSION = 1.0;
				PRODUCT_BUNDLE_IDENTIFIER = jp.techacademy.hsvrr.72461.Instagram;
				PRODUCT_NAME = "$(TARGET_NAME)";
				SWIFT_EMIT_LOC_STRINGS = YES;
				SWIFT_VERSION = 5.0;
				TARGETED_DEVICE_FAMILY = 1;
			};
			name = Debug;
		};
		7942FBED29492FF100D67FC2 /* Release */ = {
			isa = XCBuildConfiguration;
			baseConfigurationReference = 747B1C798568783E798E00AB /* Pods-Instagram.release.xcconfig */;
			buildSettings = {
				ASSETCATALOG_COMPILER_APPICON_NAME = AppIcon;
				ASSETCATALOG_COMPILER_GLOBAL_ACCENT_COLOR_NAME = AccentColor;
				CODE_SIGN_STYLE = Automatic;
				CURRENT_PROJECT_VERSION = 1;
				DEVELOPMENT_TEAM = WM7X8J8QCS;
				GENERATE_INFOPLIST_FILE = YES;
				INFOPLIST_FILE = Instagram/Info.plist;
				INFOPLIST_KEY_NSCameraUsageDescription = "本アプリは、画像の投稿及び編集のため、カメラの使用許可を求めます。";
				INFOPLIST_KEY_UIApplicationSupportsIndirectInputEvents = YES;
				INFOPLIST_KEY_UILaunchStoryboardName = LaunchScreen;
				INFOPLIST_KEY_UIMainStoryboardFile = Main;
				INFOPLIST_KEY_UISupportedInterfaceOrientations_iPad = "UIInterfaceOrientationPortrait UIInterfaceOrientationPortraitUpsideDown UIInterfaceOrientationLandscapeLeft UIInterfaceOrientationLandscapeRight";
				INFOPLIST_KEY_UISupportedInterfaceOrientations_iPhone = UIInterfaceOrientationPortrait;
				LD_RUNPATH_SEARCH_PATHS = (
					"$(inherited)",
					"@executable_path/Frameworks",
				);
				MARKETING_VERSION = 1.0;
				PRODUCT_BUNDLE_IDENTIFIER = jp.techacademy.hsvrr.72461.Instagram;
				PRODUCT_NAME = "$(TARGET_NAME)";
				SWIFT_EMIT_LOC_STRINGS = YES;
				SWIFT_VERSION = 5.0;
				TARGETED_DEVICE_FAMILY = 1;
			};
			name = Release;
		};
/* End XCBuildConfiguration section */

/* Begin XCConfigurationList section */
		7942FBD229492FF100D67FC2 /* Build configuration list for PBXProject "Instagram" */ = {
			isa = XCConfigurationList;
			buildConfigurations = (
				7942FBE929492FF100D67FC2 /* Debug */,
				7942FBEA29492FF100D67FC2 /* Release */,
			);
			defaultConfigurationIsVisible = 0;
			defaultConfigurationName = Release;
		};
		7942FBEB29492FF100D67FC2 /* Build configuration list for PBXNativeTarget "Instagram" */ = {
			isa = XCConfigurationList;
			buildConfigurations = (
				7942FBEC29492FF100D67FC2 /* Debug */,
				7942FBED29492FF100D67FC2 /* Release */,
			);
			defaultConfigurationIsVisible = 0;
			defaultConfigurationName = Release;
		};
/* End XCConfigurationList section */
	};
	rootObject = 7942FBCF29492FF100D67FC2 /* Project object */;
}
